
Microsoft Visual Studio Solution File, Format Version 12.00
# Visual Studio Version 16
VisualStudioVersion = 16.0.30517.126
MinimumVisualStudioVersion = 10.0.40219.1
Project("{FAE04EC0-301F-11D3-BF4B-00C04F79EFBC}") = "VirtualMemorySimulator", "VirtualMemorySimulator\VirtualMemorySimulator.csproj", "{5B744A0A-5030-438F-8E8E-E614DFF2EA10}"
EndProject
Project("{FAE04EC0-301F-11D3-BF4B-00C04F79EFBC}") = "Engine", "Engine\Engine.csproj", "{F9D26311-18DC-4FB2-951C-0814324D169F}"
EndProject
Global
	GlobalSection(SolutionConfigurationPlatforms) = preSolution
		Debug|Any CPU = Debug|Any CPU
		Release|Any CPU = Release|Any CPU
	EndGlobalSection
	GlobalSection(ProjectConfigurationPlatforms) = postSolution
		{5B744A0A-5030-438F-8E8E-E614DFF2EA10}.Debug|Any CPU.ActiveCfg = Debug|Any CPU
		{5B744A0A-5030-438F-8E8E-E614DFF2EA10}.Debug|Any CPU.Build.0 = Debug|Any CPU
		{5B744A0A-5030-438F-8E8E-E614DFF2EA10}.Release|Any CPU.ActiveCfg = Release|Any CPU
		{5B744A0A-5030-438F-8E8E-E614DFF2EA10}.Release|Any CPU.Build.0 = Release|Any CPU
		{F9D26311-18DC-4FB2-951C-0814324D169F}.Debug|Any CPU.ActiveCfg = Debug|Any CPU
		{F9D26311-18DC-4FB2-951C-0814324D169F}.Debug|Any CPU.Build.0 = Debug|Any CPU
		{F9D26311-18DC-4FB2-951C-0814324D169F}.Release|Any CPU.ActiveCfg = Release|Any CPU
		{F9D26311-18DC-4FB2-951C-0814324D169F}.Release|Any CPU.Build.0 = Release|Any CPU
	EndGlobalSection
	GlobalSection(SolutionProperties) = preSolution
		HideSolutionNode = FALSE
	EndGlobalSection
	GlobalSection(ExtensibilityGlobals) = postSolution
		SolutionGuid = {CE530B9A-6C34-43AD-8615-A0894F03A66B}
	EndGlobalSection
EndGlobal
